// !$*UTF8*$!
{
	archiveVersion = 1;
	classes = {
	};
	objectVersion = 50;
	objects = {

/* Begin PBXBuildFile section */
		04CE6302252977FF00F20942 /* AppDelegate.swift in Sources */ = {isa = PBXBuildFile; fileRef = 04CE6301252977FF00F20942 /* AppDelegate.swift */; };
		04CE6304252977FF00F20942 /* SceneDelegate.swift in Sources */ = {isa = PBXBuildFile; fileRef = 04CE6303252977FF00F20942 /* SceneDelegate.swift */; };
		04CE6306252977FF00F20942 /* ViewController.swift in Sources */ = {isa = PBXBuildFile; fileRef = 04CE6305252977FF00F20942 /* ViewController.swift */; };
		04CE6309252977FF00F20942 /* Main.storyboard in Resources */ = {isa = PBXBuildFile; fileRef = 04CE6307252977FF00F20942 /* Main.storyboard */; };
		04CE630B2529780000F20942 /* Assets.xcassets in Resources */ = {isa = PBXBuildFile; fileRef = 04CE630A2529780000F20942 /* Assets.xcassets */; };
		04CE630E2529780000F20942 /* LaunchScreen.storyboard in Resources */ = {isa = PBXBuildFile; fileRef = 04CE630C2529780000F20942 /* LaunchScreen.storyboard */; };
		04CE63192529780000F20942 /* Music_PlayerTests.swift in Sources */ = {isa = PBXBuildFile; fileRef = 04CE63182529780000F20942 /* Music_PlayerTests.swift */; };
		04CE63242529780100F20942 /* Music_PlayerUITests.swift in Sources */ = {isa = PBXBuildFile; fileRef = 04CE63232529780100F20942 /* Music_PlayerUITests.swift */; };
		04CEAA6D252EBB7C009E487A /* SongListVC.swift in Sources */ = {isa = PBXBuildFile; fileRef = 04CEAA6C252EBB7C009E487A /* SongListVC.swift */; };
		04CEAA6F252EBBDE009E487A /* TableViewCell.swift in Sources */ = {isa = PBXBuildFile; fileRef = 04CEAA6E252EBBDE009E487A /* TableViewCell.swift */; };
		04CEAA74252EC969009E487A /* va_vaya.mp3 in Resources */ = {isa = PBXBuildFile; fileRef = 04CEAA71252EC968009E487A /* va_vaya.mp3 */; };
		04CEAA75252EC969009E487A /* emiway.mp3 in Resources */ = {isa = PBXBuildFile; fileRef = 04CEAA72252EC969009E487A /* emiway.mp3 */; };
		04CEAA76252EC969009E487A /* gori_radha.mp3 in Resources */ = {isa = PBXBuildFile; fileRef = 04CEAA73252EC969009E487A /* gori_radha.mp3 */; };
		04DEE8BD252AC7F6004CAEF6 /* ganesha.mp3 in Resources */ = {isa = PBXBuildFile; fileRef = 04DEE8BC252AC7F6004CAEF6 /* ganesha.mp3 */; };
/* End PBXBuildFile section */

/* Begin PBXContainerItemProxy section */
		04CE63152529780000F20942 /* PBXContainerItemProxy */ = {
			isa = PBXContainerItemProxy;
			containerPortal = 04CE62F6252977FF00F20942 /* Project object */;
			proxyType = 1;
			remoteGlobalIDString = 04CE62FD252977FF00F20942;
			remoteInfo = "Music Player";
		};
		04CE63202529780100F20942 /* PBXContainerItemProxy */ = {
			isa = PBXContainerItemProxy;
			containerPortal = 04CE62F6252977FF00F20942 /* Project object */;
			proxyType = 1;
			remoteGlobalIDString = 04CE62FD252977FF00F20942;
			remoteInfo = "Music Player";
		};
/* End PBXContainerItemProxy section */

/* Begin PBXFileReference section */
		04CE62FE252977FF00F20942 /* Music Player.app */ = {isa = PBXFileReference; explicitFileType = wrapper.application; includeInIndex = 0; path = "Music Player.app"; sourceTree = BUILT_PRODUCTS_DIR; };
		04CE6301252977FF00F20942 /* AppDelegate.swift */ = {isa = PBXFileReference; lastKnownFileType = sourcecode.swift; path = AppDelegate.swift; sourceTree = "<group>"; };
		04CE6303252977FF00F20942 /* SceneDelegate.swift */ = {isa = PBXFileReference; lastKnownFileType = sourcecode.swift; path = SceneDelegate.swift; sourceTree = "<group>"; };
		04CE6305252977FF00F20942 /* ViewController.swift */ = {isa = PBXFileReference; lastKnownFileType = sourcecode.swift; path = ViewController.swift; sourceTree = "<group>"; };
		04CE6308252977FF00F20942 /* Base */ = {isa = PBXFileReference; lastKnownFileType = file.storyboard; name = Base; path = Base.lproj/Main.storyboard; sourceTree = "<group>"; };
		04CE630A2529780000F20942 /* Assets.xcassets */ = {isa = PBXFileReference; lastKnownFileType = folder.assetcatalog; path = Assets.xcassets; sourceTree = "<group>"; };
		04CE630D2529780000F20942 /* Base */ = {isa = PBXFileReference; lastKnownFileType = file.storyboard; name = Base; path = Base.lproj/LaunchScreen.storyboard; sourceTree = "<group>"; };
		04CE630F2529780000F20942 /* Info.plist */ = {isa = PBXFileReference; lastKnownFileType = text.plist.xml; path = Info.plist; sourceTree = "<group>"; };
		04CE63142529780000F20942 /* Music PlayerTests.xctest */ = {isa = PBXFileReference; explicitFileType = wrapper.cfbundle; includeInIndex = 0; path = "Music PlayerTests.xctest"; sourceTree = BUILT_PRODUCTS_DIR; };
		04CE63182529780000F20942 /* Music_PlayerTests.swift */ = {isa = PBXFileReference; lastKnownFileType = sourcecode.swift; path = Music_PlayerTests.swift; sourceTree = "<group>"; };
		04CE631A2529780000F20942 /* Info.plist */ = {isa = PBXFileReference; lastKnownFileType = text.plist.xml; path = Info.plist; sourceTree = "<group>"; };
		04CE631F2529780100F20942 /* Music PlayerUITests.xctest */ = {isa = PBXFileReference; explicitFileType = wrapper.cfbundle; includeInIndex = 0; path = "Music PlayerUITests.xctest"; sourceTree = BUILT_PRODUCTS_DIR; };
		04CE63232529780100F20942 /* Music_PlayerUITests.swift */ = {isa = PBXFileReference; lastKnownFileType = sourcecode.swift; path = Music_PlayerUITests.swift; sourceTree = "<group>"; };
		04CE63252529780100F20942 /* Info.plist */ = {isa = PBXFileReference; lastKnownFileType = text.plist.xml; path = Info.plist; sourceTree = "<group>"; };
		04CEAA6C252EBB7C009E487A /* SongListVC.swift */ = {isa = PBXFileReference; lastKnownFileType = sourcecode.swift; path = SongListVC.swift; sourceTree = "<group>"; };
		04CEAA6E252EBBDE009E487A /* TableViewCell.swift */ = {isa = PBXFileReference; lastKnownFileType = sourcecode.swift; path = TableViewCell.swift; sourceTree = "<group>"; };
		04CEAA71252EC968009E487A /* va_vaya.mp3 */ = {isa = PBXFileReference; lastKnownFileType = audio.mp3; path = va_vaya.mp3; sourceTree = "<group>"; };
		04CEAA72252EC969009E487A /* emiway.mp3 */ = {isa = PBXFileReference; lastKnownFileType = audio.mp3; path = emiway.mp3; sourceTree = "<group>"; };
		04CEAA73252EC969009E487A /* gori_radha.mp3 */ = {isa = PBXFileReference; lastKnownFileType = audio.mp3; path = gori_radha.mp3; sourceTree = "<group>"; };
		04DEE8BC252AC7F6004CAEF6 /* ganesha.mp3 */ = {isa = PBXFileReference; lastKnownFileType = audio.mp3; path = ganesha.mp3; sourceTree = "<group>"; };
/* End PBXFileReference section */

/* Begin PBXFrameworksBuildPhase section */
		04CE62FB252977FF00F20942 /* Frameworks */ = {
			isa = PBXFrameworksBuildPhase;
			buildActionMask = 2147483647;
			files = (
			);
			runOnlyForDeploymentPostprocessing = 0;
		};
		04CE63112529780000F20942 /* Frameworks */ = {
			isa = PBXFrameworksBuildPhase;
			buildActionMask = 2147483647;
			files = (
			);
			runOnlyForDeploymentPostprocessing = 0;
		};
		04CE631C2529780100F20942 /* Frameworks */ = {
			isa = PBXFrameworksBuildPhase;
			buildActionMask = 2147483647;
			files = (
			);
			runOnlyForDeploymentPostprocessing = 0;
		};
/* End PBXFrameworksBuildPhase section */

/* Begin PBXGroup section */
		04CE62F5252977FF00F20942 = {
			isa = PBXGroup;
			children = (
				04CE6300252977FF00F20942 /* Music Player */,
				04CE63172529780000F20942 /* Music PlayerTests */,
				04CE63222529780100F20942 /* Music PlayerUITests */,
				04CE62FF252977FF00F20942 /* Products */,
			);
			sourceTree = "<group>";
		};
		04CE62FF252977FF00F20942 /* Products */ = {
			isa = PBXGroup;
			children = (
				04CE62FE252977FF00F20942 /* Music Player.app */,
				04CE63142529780000F20942 /* Music PlayerTests.xctest */,
				04CE631F2529780100F20942 /* Music PlayerUITests.xctest */,
			);
			name = Products;
			sourceTree = "<group>";
		};
		04CE6300252977FF00F20942 /* Music Player */ = {
			isa = PBXGroup;
			children = (
				04CE6301252977FF00F20942 /* AppDelegate.swift */,
				04CE6303252977FF00F20942 /* SceneDelegate.swift */,
				04CE6305252977FF00F20942 /* ViewController.swift */,
				04CEAA6C252EBB7C009E487A /* SongListVC.swift */,
				04CEAA6E252EBBDE009E487A /* TableViewCell.swift */,
				04CE6307252977FF00F20942 /* Main.storyboard */,
				04CE630A2529780000F20942 /* Assets.xcassets */,
				04CE630C2529780000F20942 /* LaunchScreen.storyboard */,
				04CE630F2529780000F20942 /* Info.plist */,
				04CEAA70252EC93E009E487A /* Song List */,
			);
			path = "Music Player";
			sourceTree = "<group>";
		};
		04CE63172529780000F20942 /* Music PlayerTests */ = {
			isa = PBXGroup;
			children = (
				04CE63182529780000F20942 /* Music_PlayerTests.swift */,
				04CE631A2529780000F20942 /* Info.plist */,
			);
			path = "Music PlayerTests";
			sourceTree = "<group>";
		};
		04CE63222529780100F20942 /* Music PlayerUITests */ = {
			isa = PBXGroup;
			children = (
				04CE63232529780100F20942 /* Music_PlayerUITests.swift */,
				04CE63252529780100F20942 /* Info.plist */,
			);
			path = "Music PlayerUITests";
			sourceTree = "<group>";
		};
		04CEAA70252EC93E009E487A /* Song List */ = {
			isa = PBXGroup;
			children = (
				04DEE8BC252AC7F6004CAEF6 /* ganesha.mp3 */,
				04CEAA72252EC969009E487A /* emiway.mp3 */,
				04CEAA73252EC969009E487A /* gori_radha.mp3 */,
				04CEAA71252EC968009E487A /* va_vaya.mp3 */,
			);
			path = "Song List";
			sourceTree = "<group>";
		};
/* End PBXGroup section */

/* Begin PBXNativeTarget section */
		04CE62FD252977FF00F20942 /* Music Player */ = {
			isa = PBXNativeTarget;
			buildConfigurationList = 04CE63282529780100F20942 /* Build configuration list for PBXNativeTarget "Music Player" */;
			buildPhases = (
				04CE62FA252977FF00F20942 /* Sources */,
				04CE62FB252977FF00F20942 /* Frameworks */,
				04CE62FC252977FF00F20942 /* Resources */,
			);
			buildRules = (
			);
			dependencies = (
			);
			name = "Music Player";
			productName = "Music Player";
			productReference = 04CE62FE252977FF00F20942 /* Music Player.app */;
			productType = "com.apple.product-type.application";
		};
		04CE63132529780000F20942 /* Music PlayerTests */ = {
			isa = PBXNativeTarget;
			buildConfigurationList = 04CE632B2529780100F20942 /* Build configuration list for PBXNativeTarget "Music PlayerTests" */;
			buildPhases = (
				04CE63102529780000F20942 /* Sources */,
				04CE63112529780000F20942 /* Frameworks */,
				04CE63122529780000F20942 /* Resources */,
			);
			buildRules = (
			);
			dependencies = (
				04CE63162529780000F20942 /* PBXTargetDependency */,
			);
			name = "Music PlayerTests";
			productName = "Music PlayerTests";
			productReference = 04CE63142529780000F20942 /* Music PlayerTests.xctest */;
			productType = "com.apple.product-type.bundle.unit-test";
		};
		04CE631E2529780100F20942 /* Music PlayerUITests */ = {
			isa = PBXNativeTarget;
			buildConfigurationList = 04CE632E2529780100F20942 /* Build configuration list for PBXNativeTarget "Music PlayerUITests" */;
			buildPhases = (
				04CE631B2529780100F20942 /* Sources */,
				04CE631C2529780100F20942 /* Frameworks */,
				04CE631D2529780100F20942 /* Resources */,
			);
			buildRules = (
			);
			dependencies = (
				04CE63212529780100F20942 /* PBXTargetDependency */,
			);
			name = "Music PlayerUITests";
			productName = "Music PlayerUITests";
			productReference = 04CE631F2529780100F20942 /* Music PlayerUITests.xctest */;
			productType = "com.apple.product-type.bundle.ui-testing";
		};
/* End PBXNativeTarget section */

/* Begin PBXProject section */
		04CE62F6252977FF00F20942 /* Project object */ = {
			isa = PBXProject;
			attributes = {
				LastSwiftUpdateCheck = 1130;
				LastUpgradeCheck = 1130;
				ORGANIZATIONNAME = Dashu;
				TargetAttributes = {
					04CE62FD252977FF00F20942 = {
						CreatedOnToolsVersion = 11.3;
					};
					04CE63132529780000F20942 = {
						CreatedOnToolsVersion = 11.3;
						TestTargetID = 04CE62FD252977FF00F20942;
					};
					04CE631E2529780100F20942 = {
						CreatedOnToolsVersion = 11.3;
						TestTargetID = 04CE62FD252977FF00F20942;
					};
				};
			};
			buildConfigurationList = 04CE62F9252977FF00F20942 /* Build configuration list for PBXProject "Music Player" */;
			compatibilityVersion = "Xcode 9.3";
			developmentRegion = en;
			hasScannedForEncodings = 0;
			knownRegions = (
				en,
				Base,
			);
			mainGroup = 04CE62F5252977FF00F20942;
			productRefGroup = 04CE62FF252977FF00F20942 /* Products */;
			projectDirPath = "";
			projectRoot = "";
			targets = (
				04CE62FD252977FF00F20942 /* Music Player */,
				04CE63132529780000F20942 /* Music PlayerTests */,
				04CE631E2529780100F20942 /* Music PlayerUITests */,
			);
		};
/* End PBXProject section */

/* Begin PBXResourcesBuildPhase section */
		04CE62FC252977FF00F20942 /* Resources */ = {
			isa = PBXResourcesBuildPhase;
			buildActionMask = 2147483647;
			files = (
				04DEE8BD252AC7F6004CAEF6 /* ganesha.mp3 in Resources */,
				04CE630E2529780000F20942 /* LaunchScreen.storyboard in Resources */,
				04CEAA75252EC969009E487A /* emiway.mp3 in Resources */,
				04CE630B2529780000F20942 /* Assets.xcassets in Resources */,
				04CEAA76252EC969009E487A /* gori_radha.mp3 in Resources */,
				04CE6309252977FF00F20942 /* Main.storyboard in Resources */,
				04CEAA74252EC969009E487A /* va_vaya.mp3 in Resources */,
			);
			runOnlyForDeploymentPostprocessing = 0;
		};
		04CE63122529780000F20942 /* Resources */ = {
			isa = PBXResourcesBuildPhase;
			buildActionMask = 2147483647;
			files = (
			);
			runOnlyForDeploymentPostprocessing = 0;
		};
		04CE631D2529780100F20942 /* Resources */ = {
			isa = PBXResourcesBuildPhase;
			buildActionMask = 2147483647;
			files = (
			);
			runOnlyForDeploymentPostprocessing = 0;
		};
/* End PBXResourcesBuildPhase section */

/* Begin PBXSourcesBuildPhase section */
		04CE62FA252977FF00F20942 /* Sources */ = {
			isa = PBXSourcesBuildPhase;
			buildActionMask = 2147483647;
			files = (
				04CEAA6F252EBBDE009E487A /* TableViewCell.swift in Sources */,
				04CE6306252977FF00F20942 /* ViewController.swift in Sources */,
				04CE6302252977FF00F20942 /* AppDelegate.swift in Sources */,
				04CE6304252977FF00F20942 /* SceneDelegate.swift in Sources */,
				04CEAA6D252EBB7C009E487A /* SongListVC.swift in Sources */,
			);
			runOnlyForDeploymentPostprocessing = 0;
		};
		04CE63102529780000F20942 /* Sources */ = {
			isa = PBXSourcesBuildPhase;
			buildActionMask = 2147483647;
			files = (
				04CE63192529780000F20942 /* Music_PlayerTests.swift in Sources */,
			);
			runOnlyForDeploymentPostprocessing = 0;
		};
		04CE631B2529780100F20942 /* Sources */ = {
			isa = PBXSourcesBuildPhase;
			buildActionMask = 2147483647;
			files = (
				04CE63242529780100F20942 /* Music_PlayerUITests.swift in Sources */,
			);
			runOnlyForDeploymentPostprocessing = 0;
		};
/* End PBXSourcesBuildPhase section */

/* Begin PBXTargetDependency section */
		04CE63162529780000F20942 /* PBXTargetDependency */ = {
			isa = PBXTargetDependency;
			target = 04CE62FD252977FF00F20942 /* Music Player */;
			targetProxy = 04CE63152529780000F20942 /* PBXContainerItemProxy */;
		};
		04CE63212529780100F20942 /* PBXTargetDependency */ = {
			isa = PBXTargetDependency;
			target = 04CE62FD252977FF00F20942 /* Music Player */;
			targetProxy = 04CE63202529780100F20942 /* PBXContainerItemProxy */;
		};
/* End PBXTargetDependency section */

/* Begin PBXVariantGroup section */
		04CE6307252977FF00F20942 /* Main.storyboard */ = {
			isa = PBXVariantGroup;
			children = (
				04CE6308252977FF00F20942 /* Base */,
			);
			name = Main.storyboard;
			sourceTree = "<group>";
		};
		04CE630C2529780000F20942 /* LaunchScreen.storyboard */ = {
			isa = PBXVariantGroup;
			children = (
				04CE630D2529780000F20942 /* Base */,
			);
			name = LaunchScreen.storyboard;
			sourceTree = "<group>";
		};
/* End PBXVariantGroup section */

/* Begin XCBuildConfiguration section */
		04CE63262529780100F20942 /* Debug */ = {
			isa = XCBuildConfiguration;
			buildSettings = {
				ALWAYS_SEARCH_USER_PATHS = NO;
				CLANG_ANALYZER_NONNULL = YES;
				CLANG_ANALYZER_NUMBER_OBJECT_CONVERSION = YES_AGGRESSIVE;
				CLANG_CXX_LANGUAGE_STANDARD = "gnu++14";
				CLANG_CXX_LIBRARY = "libc++";
				CLANG_ENABLE_MODULES = YES;
				CLANG_ENABLE_OBJC_ARC = YES;
				CLANG_ENABLE_OBJC_WEAK = YES;
				CLANG_WARN_BLOCK_CAPTURE_AUTORELEASING = YES;
				CLANG_WARN_BOOL_CONVERSION = YES;
				CLANG_WARN_COMMA = YES;
				CLANG_WARN_CONSTANT_CONVERSION = YES;
				CLANG_WARN_DEPRECATED_OBJC_IMPLEMENTATIONS = YES;
				CLANG_WARN_DIRECT_OBJC_ISA_USAGE = YES_ERROR;
				CLANG_WARN_DOCUMENTATION_COMMENTS = YES;
				CLANG_WARN_EMPTY_BODY = YES;
				CLANG_WARN_ENUM_CONVERSION = YES;
				CLANG_WARN_INFINITE_RECURSION = YES;
				CLANG_WARN_INT_CONVERSION = YES;
				CLANG_WARN_NON_LITERAL_NULL_CONVERSION = YES;
				CLANG_WARN_OBJC_IMPLICIT_RETAIN_SELF = YES;
				CLANG_WARN_OBJC_LITERAL_CONVERSION = YES;
				CLANG_WARN_OBJC_ROOT_CLASS = YES_ERROR;
				CLANG_WARN_RANGE_LOOP_ANALYSIS = YES;
				CLANG_WARN_STRICT_PROTOTYPES = YES;
				CLANG_WARN_SUSPICIOUS_MOVE = YES;
				CLANG_WARN_UNGUARDED_AVAILABILITY = YES_AGGRESSIVE;
				CLANG_WARN_UNREACHABLE_CODE = YES;
				CLANG_WARN__DUPLICATE_METHOD_MATCH = YES;
				COPY_PHASE_STRIP = NO;
				DEBUG_INFORMATION_FORMAT = dwarf;
				ENABLE_STRICT_OBJC_MSGSEND = YES;
				ENABLE_TESTABILITY = YES;
				GCC_C_LANGUAGE_STANDARD = gnu11;
				GCC_DYNAMIC_NO_PIC = NO;
				GCC_NO_COMMON_BLOCKS = YES;
				GCC_OPTIMIZATION_LEVEL = 0;
				GCC_PREPROCESSOR_DEFINITIONS = (
					"DEBUG=1",
					"$(inherited)",
				);
				GCC_WARN_64_TO_32_BIT_CONVERSION = YES;
				GCC_WARN_ABOUT_RETURN_TYPE = YES_ERROR;
				GCC_WARN_UNDECLARED_SELECTOR = YES;
				GCC_WARN_UNINITIALIZED_AUTOS = YES_AGGRESSIVE;
				GCC_WARN_UNUSED_FUNCTION = YES;
				GCC_WARN_UNUSED_VARIABLE = YES;
				IPHONEOS_DEPLOYMENT_TARGET = 13.2;
				MTL_ENABLE_DEBUG_INFO = INCLUDE_SOURCE;
				MTL_FAST_MATH = YES;
				ONLY_ACTIVE_ARCH = YES;
				SDKROOT = iphoneos;
				SWIFT_ACTIVE_COMPILATION_CONDITIONS = DEBUG;
				SWIFT_OPTIMIZATION_LEVEL = "-Onone";
			};
			name = Debug;
		};
		04CE63272529780100F20942 /* Release */ = {
			isa = XCBuildConfiguration;
			buildSettings = {
				ALWAYS_SEARCH_USER_PATHS = NO;
				CLANG_ANALYZER_NONNULL = YES;
				CLANG_ANALYZER_NUMBER_OBJECT_CONVERSION = YES_AGGRESSIVE;
				CLANG_CXX_LANGUAGE_STANDARD = "gnu++14";
				CLANG_CXX_LIBRARY = "libc++";
				CLANG_ENABLE_MODULES = YES;
				CLANG_ENABLE_OBJC_ARC = YES;
				CLANG_ENABLE_OBJC_WEAK = YES;
				CLANG_WARN_BLOCK_CAPTURE_AUTORELEASING = YES;
				CLANG_WARN_BOOL_CONVERSION = YES;
				CLANG_WARN_COMMA = YES;
				CLANG_WARN_CONSTANT_CONVERSION = YES;
				CLANG_WARN_DEPRECATED_OBJC_IMPLEMENTATIONS = YES;
				CLANG_WARN_DIRECT_OBJC_ISA_USAGE = YES_ERROR;
				CLANG_WARN_DOCUMENTATION_COMMENTS = YES;
				CLANG_WARN_EMPTY_BODY = YES;
				CLANG_WARN_ENUM_CONVERSION = YES;
				CLANG_WARN_INFINITE_RECURSION = YES;
				CLANG_WARN_INT_CONVERSION = YES;
				CLANG_WARN_NON_LITERAL_NULL_CONVERSION = YES;
				CLANG_WARN_OBJC_IMPLICIT_RETAIN_SELF = YES;
				CLANG_WARN_OBJC_LITERAL_CONVERSION = YES;
				CLANG_WARN_OBJC_ROOT_CLASS = YES_ERROR;
				CLANG_WARN_RANGE_LOOP_ANALYSIS = YES;
				CLANG_WARN_STRICT_PROTOTYPES = YES;
				CLANG_WARN_SUSPICIOUS_MOVE = YES;
				CLANG_WARN_UNGUARDED_AVAILABILITY = YES_AGGRESSIVE;
				CLANG_WARN_UNREACHABLE_CODE = YES;
				CLANG_WARN__DUPLICATE_METHOD_MATCH = YES;
				COPY_PHASE_STRIP = NO;
				DEBUG_INFORMATION_FORMAT = "dwarf-with-dsym";
				ENABLE_NS_ASSERTIONS = NO;
				ENABLE_STRICT_OBJC_MSGSEND = YES;
				GCC_C_LANGUAGE_STANDARD = gnu11;
				GCC_NO_COMMON_BLOCKS = YES;
				GCC_WARN_64_TO_32_BIT_CONVERSION = YES;
				GCC_WARN_ABOUT_RETURN_TYPE = YES_ERROR;
				GCC_WARN_UNDECLARED_SELECTOR = YES;
				GCC_WARN_UNINITIALIZED_AUTOS = YES_AGGRESSIVE;
				GCC_WARN_UNUSED_FUNCTION = YES;
				GCC_WARN_UNUSED_VARIABLE = YES;
				IPHONEOS_DEPLOYMENT_TARGET = 13.2;
				MTL_ENABLE_DEBUG_INFO = NO;
				MTL_FAST_MATH = YES;
				SDKROOT = iphoneos;
				SWIFT_COMPILATION_MODE = wholemodule;
				SWIFT_OPTIMIZATION_LEVEL = "-O";
				VALIDATE_PRODUCT = YES;
			};
			name = Release;
		};
		04CE63292529780100F20942 /* Debug */ = {
			isa = XCBuildConfiguration;
			buildSettings = {
				ASSETCATALOG_COMPILER_APPICON_NAME = AppIcon;
				CODE_SIGN_STYLE = Automatic;
				INFOPLIST_FILE = "Music Player/Info.plist";
				LD_RUNPATH_SEARCH_PATHS = (
					"$(inherited)",
					"@executable_path/Frameworks",
				);
				PRODUCT_BUNDLE_IDENTIFIER = "com.app.Music-Player";
				PRODUCT_NAME = "$(TARGET_NAME)";
				SWIFT_VERSION = 5.0;
				TARGETED_DEVICE_FAMILY = "1,2";
			};
			name = Debug;
		};
		04CE632A2529780100F20942 /* Release */ = {
			isa = XCBuildConfiguration;
			buildSettings = {
				ASSETCATALOG_COMPILER_APPICON_NAME = AppIcon;
				CODE_SIGN_STYLE = Automatic;
				INFOPLIST_FILE = "Music Player/Info.plist";
				LD_RUNPATH_SEARCH_PATHS = (
					"$(inherited)",
					"@executable_path/Frameworks",
				);
				PRODUCT_BUNDLE_IDENTIFIER = "com.app.Music-Player";
				PRODUCT_NAME = "$(TARGET_NAME)";
				SWIFT_VERSION = 5.0;
				TARGETED_DEVICE_FAMILY = "1,2";
			};
			name = Release;
		};
		04CE632C2529780100F20942 /* Debug */ = {
			isa = XCBuildConfiguration;
			buildSettings = {
				ALWAYS_EMBED_SWIFT_STANDARD_LIBRARIES = YES;
				BUNDLE_LOADER = "$(TEST_HOST)";
				CODE_SIGN_STYLE = Automatic;
				INFOPLIST_FILE = "Music PlayerTests/Info.plist";
				IPHONEOS_DEPLOYMENT_TARGET = 13.2;
				LD_RUNPATH_SEARCH_PATHS = (
					"$(inherited)",
					"@executable_path/Frameworks",
					"@loader_path/Frameworks",
				);
				PRODUCT_BUNDLE_IDENTIFIER = "com.app.Music-PlayerTests";
				PRODUCT_NAME = "$(TARGET_NAME)";
				SWIFT_VERSION = 5.0;
				TARGETED_DEVICE_FAMILY = "1,2";
				TEST_HOST = "$(BUILT_PRODUCTS_DIR)/Music Player.app/Music Player";
			};
			name = Debug;
		};
		04CE632D2529780100F20942 /* Release */ = {
			isa = XCBuildConfiguration;
			buildSettings = {
				ALWAYS_EMBED_SWIFT_STANDARD_LIBRARIES = YES;
				BUNDLE_LOADER = "$(TEST_HOST)";
				CODE_SIGN_STYLE = Automatic;
				INFOPLIST_FILE = "Music PlayerTests/Info.plist";
				IPHONEOS_DEPLOYMENT_TARGET = 13.2;
				LD_RUNPATH_SEARCH_PATHS = (
					"$(inherited)",
					"@executable_path/Frameworks",
					"@loader_path/Frameworks",
				);
				PRODUCT_BUNDLE_IDENTIFIER = "com.app.Music-PlayerTests";
				PRODUCT_NAME = "$(TARGET_NAME)";
				SWIFT_VERSION = 5.0;
				TARGETED_DEVICE_FAMILY = "1,2";
				TEST_HOST = "$(BUILT_PRODUCTS_DIR)/Music Player.app/Music Player";
			};
			name = Release;
		};
		04CE632F2529780100F20942 /* Debug */ = {
			isa = XCBuildConfiguration;
			buildSettings = {
				ALWAYS_EMBED_SWIFT_STANDARD_LIBRARIES = YES;
				CODE_SIGN_STYLE = Automatic;
				INFOPLIST_FILE = "Music PlayerUITests/Info.plist";
				LD_RUNPATH_SEARCH_PATHS = (
					"$(inherited)",
					"@executable_path/Frameworks",
					"@loader_path/Frameworks",
				);
				PRODUCT_BUNDLE_IDENTIFIER = "com.app.Music-PlayerUITests";
				PRODUCT_NAME = "$(TARGET_NAME)";
				SWIFT_VERSION = 5.0;
				TARGETED_DEVICE_FAMILY = "1,2";
				TEST_TARGET_NAME = "Music Player";
			};
			name = Debug;
		};
		04CE63302529780100F20942 /* Release */ = {
			isa = XCBuildConfiguration;
			buildSettings = {
				ALWAYS_EMBED_SWIFT_STANDARD_LIBRARIES = YES;
				CODE_SIGN_STYLE = Automatic;
				INFOPLIST_FILE = "Music PlayerUITests/Info.plist";
				LD_RUNPATH_SEARCH_PATHS = (
					"$(inherited)",
					"@executable_path/Frameworks",
					"@loader_path/Frameworks",
				);
				PRODUCT_BUNDLE_IDENTIFIER = "com.app.Music-PlayerUITests";
				PRODUCT_NAME = "$(TARGET_NAME)";
				SWIFT_VERSION = 5.0;
				TARGETED_DEVICE_FAMILY = "1,2";
				TEST_TARGET_NAME = "Music Player";
			};
			name = Release;
		};
/* End XCBuildConfiguration section */

/* Begin XCConfigurationList section */
		04CE62F9252977FF00F20942 /* Build configuration list for PBXProject "Music Player" */ = {
			isa = XCConfigurationList;
			buildConfigurations = (
				04CE63262529780100F20942 /* Debug */,
				04CE63272529780100F20942 /* Release */,
			);
			defaultConfigurationIsVisible = 0;
			defaultConfigurationName = Release;
		};
		04CE63282529780100F20942 /* Build configuration list for PBXNativeTarget "Music Player" */ = {
			isa = XCConfigurationList;
			buildConfigurations = (
				04CE63292529780100F20942 /* Debug */,
				04CE632A2529780100F20942 /* Release */,
			);
			defaultConfigurationIsVisible = 0;
			defaultConfigurationName = Release;
		};
		04CE632B2529780100F20942 /* Build configuration list for PBXNativeTarget "Music PlayerTests" */ = {
			isa = XCConfigurationList;
			buildConfigurations = (
				04CE632C2529780100F20942 /* Debug */,
				04CE632D2529780100F20942 /* Release */,
			);
			defaultConfigurationIsVisible = 0;
			defaultConfigurationName = Release;
		};
		04CE632E2529780100F20942 /* Build configuration list for PBXNativeTarget "Music PlayerUITests" */ = {
			isa = XCConfigurationList;
			buildConfigurations = (
				04CE632F2529780100F20942 /* Debug */,
				04CE63302529780100F20942 /* Release */,
			);
			defaultConfigurationIsVisible = 0;
			defaultConfigurationName = Release;
		};
/* End XCConfigurationList section */
	};
	rootObject = 04CE62F6252977FF00F20942 /* Project object */;
}
